// !$*UTF8*$!
{
	archiveVersion = 1;
	classes = {
	};
	objectVersion = 77;
	objects = {

/* Begin PBXContainerItemProxy section */
		7AF70EFA2DA4461300447CDB /* PBXContainerItemProxy */ = {
			isa = PBXContainerItemProxy;
			containerPortal = 7AF70EE12DA4460D00447CDB /* Project object */;
			proxyType = 1;
			remoteGlobalIDString = 7AF70EE82DA4460D00447CDB;
			remoteInfo = FitSwift;
		};
		7AF70F042DA4461300447CDB /* PBXContainerItemProxy */ = {
			isa = PBXContainerItemProxy;
			containerPortal = 7AF70EE12DA4460D00447CDB /* Project object */;
			proxyType = 1;
			remoteGlobalIDString = 7AF70EE82DA4460D00447CDB;
			remoteInfo = FitSwift;
		};
/* End PBXContainerItemProxy section */

/* Begin PBXFileReference section */
		7AF70EE92DA4460D00447CDB /* FitSwift.app */ = {isa = PBXFileReference; explicitFileType = wrapper.application; includeInIndex = 0; path = FitSwift.app; sourceTree = BUILT_PRODUCTS_DIR; };
		7AF70EF92DA4461300447CDB /* FitSwiftTests.xctest */ = {isa = PBXFileReference; explicitFileType = wrapper.cfbundle; includeInIndex = 0; path = FitSwiftTests.xctest; sourceTree = BUILT_PRODUCTS_DIR; };
		7AF70F032DA4461300447CDB /* FitSwiftUITests.xctest */ = {isa = PBXFileReference; explicitFileType = wrapper.cfbundle; includeInIndex = 0; path = FitSwiftUITests.xctest; sourceTree = BUILT_PRODUCTS_DIR; };
/* End PBXFileReference section */

/* Begin PBXFileSystemSynchronizedBuildFileExceptionSet section */
		7AB596112DADEA74007996C4 /* Exceptions for "FitSwift" folder in "FitSwift" target */ = {
			isa = PBXFileSystemSynchronizedBuildFileExceptionSet;
			membershipExceptions = (
				Info.plist,
			);
			target = 7AF70EE82DA4460D00447CDB /* FitSwift */;
		};
/* End PBXFileSystemSynchronizedBuildFileExceptionSet section */

/* Begin PBXFileSystemSynchronizedRootGroup section */
		7AF70EEB2DA4460D00447CDB /* FitSwift */ = {
			isa = PBXFileSystemSynchronizedRootGroup;
			exceptions = (
				7AB596112DADEA74007996C4 /* Exceptions for "FitSwift" folder in "FitSwift" target */,
			);
			path = FitSwift;
			sourceTree = "<group>";
		};
		7AF70EFC2DA4461300447CDB /* FitSwiftTests */ = {
			isa = PBXFileSystemSynchronizedRootGroup;
			path = FitSwiftTests;
			sourceTree = "<group>";
		};
		7AF70F062DA4461300447CDB /* FitSwiftUITests */ = {
			isa = PBXFileSystemSynchronizedRootGroup;
			path = FitSwiftUITests;
			sourceTree = "<group>";
		};
/* End PBXFileSystemSynchronizedRootGroup section */

/* Begin PBXFrameworksBuildPhase section */
		7AF70EE62DA4460D00447CDB /* Frameworks */ = {
			isa = PBXFrameworksBuildPhase;
			buildActionMask = 2147483647;
			files = (
			);
			runOnlyForDeploymentPostprocessing = 0;
		};
		7AF70EF62DA4461300447CDB /* Frameworks */ = {
			isa = PBXFrameworksBuildPhase;
			buildActionMask = 2147483647;
			files = (
			);
			runOnlyForDeploymentPostprocessing = 0;
		};
		7AF70F002DA4461300447CDB /* Frameworks */ = {
			isa = PBXFrameworksBuildPhase;
			buildActionMask = 2147483647;
			files = (
			);
			runOnlyForDeploymentPostprocessing = 0;
		};
/* End PBXFrameworksBuildPhase section */

/* Begin PBXGroup section */
		7AF70EE02DA4460D00447CDB = {
			isa = PBXGroup;
			children = (
				7AF70EEB2DA4460D00447CDB /* FitSwift */,
				7AF70EFC2DA4461300447CDB /* FitSwiftTests */,
				7AF70F062DA4461300447CDB /* FitSwiftUITests */,
				7AF70EEA2DA4460D00447CDB /* Products */,
			);
			sourceTree = "<group>";
		};
		7AF70EEA2DA4460D00447CDB /* Products */ = {
			isa = PBXGroup;
			children = (
				7AF70EE92DA4460D00447CDB /* FitSwift.app */,
				7AF70EF92DA4461300447CDB /* FitSwiftTests.xctest */,
				7AF70F032DA4461300447CDB /* FitSwiftUITests.xctest */,
			);
			name = Products;
			sourceTree = "<group>";
		};
/* End PBXGroup section */

/* Begin PBXNativeTarget section */
		7AF70EE82DA4460D00447CDB /* FitSwift */ = {
			isa = PBXNativeTarget;
			buildConfigurationList = 7AF70F0D2DA4461300447CDB /* Build configuration list for PBXNativeTarget "FitSwift" */;
			buildPhases = (
				7AF70EE52DA4460D00447CDB /* Sources */,
				7AF70EE62DA4460D00447CDB /* Frameworks */,
				7AF70EE72DA4460D00447CDB /* Resources */,
			);
			buildRules = (
			);
			dependencies = (
			);
			fileSystemSynchronizedGroups = (
				7AF70EEB2DA4460D00447CDB /* FitSwift */,
			);
			name = FitSwift;
			packageProductDependencies = (
			);
			productName = FitSwift;
			productReference = 7AF70EE92DA4460D00447CDB /* FitSwift.app */;
			productType = "com.apple.product-type.application";
		};
		7AF70EF82DA4461300447CDB /* FitSwiftTests */ = {
			isa = PBXNativeTarget;
			buildConfigurationList = 7AF70F102DA4461300447CDB /* Build configuration list for PBXNativeTarget "FitSwiftTests" */;
			buildPhases = (
				7AF70EF52DA4461300447CDB /* Sources */,
				7AF70EF62DA4461300447CDB /* Frameworks */,
				7AF70EF72DA4461300447CDB /* Resources */,
			);
			buildRules = (
			);
			dependencies = (
				7AF70EFB2DA4461300447CDB /* PBXTargetDependency */,
			);
			fileSystemSynchronizedGroups = (
				7AF70EFC2DA4461300447CDB /* FitSwiftTests */,
			);
			name = FitSwiftTests;
			packageProductDependencies = (
			);
			productName = FitSwiftTests;
			productReference = 7AF70EF92DA4461300447CDB /* FitSwiftTests.xctest */;
			productType = "com.apple.product-type.bundle.unit-test";
		};
		7AF70F022DA4461300447CDB /* FitSwiftUITests */ = {
			isa = PBXNativeTarget;
			buildConfigurationList = 7AF70F132DA4461300447CDB /* Build configuration list for PBXNativeTarget "FitSwiftUITests" */;
			buildPhases = (
				7AF70EFF2DA4461300447CDB /* Sources */,
				7AF70F002DA4461300447CDB /* Frameworks */,
				7AF70F012DA4461300447CDB /* Resources */,
			);
			buildRules = (
			);
			dependencies = (
				7AF70F052DA4461300447CDB /* PBXTargetDependency */,
			);
			fileSystemSynchronizedGroups = (
				7AF70F062DA4461300447CDB /* FitSwiftUITests */,
			);
			name = FitSwiftUITests;
			packageProductDependencies = (
			);
			productName = FitSwiftUITests;
			productReference = 7AF70F032DA4461300447CDB /* FitSwiftUITests.xctest */;
			productType = "com.apple.product-type.bundle.ui-testing";
		};
/* End PBXNativeTarget section */

/* Begin PBXProject section */
		7AF70EE12DA4460D00447CDB /* Project object */ = {
			isa = PBXProject;
			attributes = {
				BuildIndependentTargetsInParallel = 1;
				LastSwiftUpdateCheck = 1620;
				LastUpgradeCheck = 1620;
				TargetAttributes = {
					7AF70EE82DA4460D00447CDB = {
						CreatedOnToolsVersion = 16.2;
					};
					7AF70EF82DA4461300447CDB = {
						CreatedOnToolsVersion = 16.2;
						TestTargetID = 7AF70EE82DA4460D00447CDB;
					};
					7AF70F022DA4461300447CDB = {
						CreatedOnToolsVersion = 16.2;
						TestTargetID = 7AF70EE82DA4460D00447CDB;
					};
				};
			};
			buildConfigurationList = 7AF70EE42DA4460D00447CDB /* Build configuration list for PBXProject "FitSwift" */;
			developmentRegion = en;
			hasScannedForEncodings = 0;
			knownRegions = (
				en,
				Base,
			);
			mainGroup = 7AF70EE02DA4460D00447CDB;
			minimizedProjectReferenceProxies = 1;
			preferredProjectObjectVersion = 77;
			productRefGroup = 7AF70EEA2DA4460D00447CDB /* Products */;
			projectDirPath = "";
			projectRoot = "";
			targets = (
				7AF70EE82DA4460D00447CDB /* FitSwift */,
				7AF70EF82DA4461300447CDB /* FitSwiftTests */,
				7AF70F022DA4461300447CDB /* FitSwiftUITests */,
			);
		};
/* End PBXProject section */

/* Begin PBXResourcesBuildPhase section */
		7AF70EE72DA4460D00447CDB /* Resources */ = {
			isa = PBXResourcesBuildPhase;
			buildActionMask = 2147483647;
			files = (
			);
			runOnlyForDeploymentPostprocessing = 0;
		};
		7AF70EF72DA4461300447CDB /* Resources */ = {
			isa = PBXResourcesBuildPhase;
			buildActionMask = 2147483647;
			files = (
			);
			runOnlyForDeploymentPostprocessing = 0;
		};
		7AF70F012DA4461300447CDB /* Resources */ = {
			isa = PBXResourcesBuildPhase;
			buildActionMask = 2147483647;
			files = (
			);
			runOnlyForDeploymentPostprocessing = 0;
		};
/* End PBXResourcesBuildPhase section */

/* Begin PBXSourcesBuildPhase section */
		7AF70EE52DA4460D00447CDB /* Sources */ = {
			isa = PBXSourcesBuildPhase;
			buildActionMask = 2147483647;
			files = (
			);
			runOnlyForDeploymentPostprocessing = 0;
		};
		7AF70EF52DA4461300447CDB /* Sources */ = {
			isa = PBXSourcesBuildPhase;
			buildActionMask = 2147483647;
			files = (
			);
			runOnlyForDeploymentPostprocessing = 0;
		};
		7AF70EFF2DA4461300447CDB /* Sources */ = {
			isa = PBXSourcesBuildPhase;
			buildActionMask = 2147483647;
			files = (
			);
			runOnlyForDeploymentPostprocessing = 0;
		};
/* End PBXSourcesBuildPhase section */

/* Begin PBXTargetDependency section */
		7AF70EFB2DA4461300447CDB /* PBXTargetDependency */ = {
			isa = PBXTargetDependency;
			target = 7AF70EE82DA4460D00447CDB /* FitSwift */;
			targetProxy = 7AF70EFA2DA4461300447CDB /* PBXContainerItemProxy */;
		};
		7AF70F052DA4461300447CDB /* PBXTargetDependency */ = {
			isa = PBXTargetDependency;
			target = 7AF70EE82DA4460D00447CDB /* FitSwift */;
			targetProxy = 7AF70F042DA4461300447CDB /* PBXContainerItemProxy */;
		};
/* End PBXTargetDependency section */

/* Begin XCBuildConfiguration section */
		7AF70F0B2DA4461300447CDB /* Debug */ = {
			isa = XCBuildConfiguration;
			buildSettings = {
				ALWAYS_SEARCH_USER_PATHS = NO;
				ASSETCATALOG_COMPILER_GENERATE_SWIFT_ASSET_SYMBOL_EXTENSIONS = YES;
				CLANG_ANALYZER_NONNULL = YES;
				CLANG_ANALYZER_NUMBER_OBJECT_CONVERSION = YES_AGGRESSIVE;
				CLANG_CXX_LANGUAGE_STANDARD = "gnu++20";
				CLANG_ENABLE_MODULES = YES;
				CLANG_ENABLE_OBJC_ARC = YES;
				CLANG_ENABLE_OBJC_WEAK = YES;
				CLANG_WARN_BLOCK_CAPTURE_AUTORELEASING = YES;
				CLANG_WARN_BOOL_CONVERSION = YES;
				CLANG_WARN_COMMA = YES;
				CLANG_WARN_CONSTANT_CONVERSION = YES;
				CLANG_WARN_DEPRECATED_OBJC_IMPLEMENTATIONS = YES;
				CLANG_WARN_DIRECT_OBJC_ISA_USAGE = YES_ERROR;
				CLANG_WARN_DOCUMENTATION_COMMENTS = YES;
				CLANG_WARN_EMPTY_BODY = YES;
				CLANG_WARN_ENUM_CONVERSION = YES;
				CLANG_WARN_INFINITE_RECURSION = YES;
				CLANG_WARN_INT_CONVERSION = YES;
				CLANG_WARN_NON_LITERAL_NULL_CONVERSION = YES;
				CLANG_WARN_OBJC_IMPLICIT_RETAIN_SELF = YES;
				CLANG_WARN_OBJC_LITERAL_CONVERSION = YES;
				CLANG_WARN_OBJC_ROOT_CLASS = YES_ERROR;
				CLANG_WARN_QUOTED_INCLUDE_IN_FRAMEWORK_HEADER = YES;
				CLANG_WARN_RANGE_LOOP_ANALYSIS = YES;
				CLANG_WARN_STRICT_PROTOTYPES = YES;
				CLANG_WARN_SUSPICIOUS_MOVE = YES;
				CLANG_WARN_UNGUARDED_AVAILABILITY = YES_AGGRESSIVE;
				CLANG_WARN_UNREACHABLE_CODE = YES;
				CLANG_WARN__DUPLICATE_METHOD_MATCH = YES;
				COPY_PHASE_STRIP = NO;
				DEBUG_INFORMATION_FORMAT = dwarf;
				ENABLE_STRICT_OBJC_MSGSEND = YES;
				ENABLE_TESTABILITY = YES;
				ENABLE_USER_SCRIPT_SANDBOXING = YES;
				GCC_C_LANGUAGE_STANDARD = gnu17;
				GCC_DYNAMIC_NO_PIC = NO;
				GCC_NO_COMMON_BLOCKS = YES;
				GCC_OPTIMIZATION_LEVEL = 0;
				GCC_PREPROCESSOR_DEFINITIONS = (
					"DEBUG=1",
					"$(inherited)",
				);
				GCC_WARN_64_TO_32_BIT_CONVERSION = YES;
				GCC_WARN_ABOUT_RETURN_TYPE = YES_ERROR;
				GCC_WARN_UNDECLARED_SELECTOR = YES;
				GCC_WARN_UNINITIALIZED_AUTOS = YES_AGGRESSIVE;
				GCC_WARN_UNUSED_FUNCTION = YES;
				GCC_WARN_UNUSED_VARIABLE = YES;
				IPHONEOS_DEPLOYMENT_TARGET = 18.2;
				LOCALIZATION_PREFERS_STRING_CATALOGS = YES;
				MTL_ENABLE_DEBUG_INFO = INCLUDE_SOURCE;
				MTL_FAST_MATH = YES;
				ONLY_ACTIVE_ARCH = YES;
				SDKROOT = iphoneos;
				SWIFT_ACTIVE_COMPILATION_CONDITIONS = "DEBUG $(inherited)";
				SWIFT_OPTIMIZATION_LEVEL = "-Onone";
			};
			name = Debug;
		};
		7AF70F0C2DA4461300447CDB /* Release */ = {
			isa = XCBuildConfiguration;
			buildSettings = {
				ALWAYS_SEARCH_USER_PATHS = NO;
				ASSETCATALOG_COMPILER_GENERATE_SWIFT_ASSET_SYMBOL_EXTENSIONS = YES;
				CLANG_ANALYZER_NONNULL = YES;
				CLANG_ANALYZER_NUMBER_OBJECT_CONVERSION = YES_AGGRESSIVE;
				CLANG_CXX_LANGUAGE_STANDARD = "gnu++20";
				CLANG_ENABLE_MODULES = YES;
				CLANG_ENABLE_OBJC_ARC = YES;
				CLANG_ENABLE_OBJC_WEAK = YES;
				CLANG_WARN_BLOCK_CAPTURE_AUTORELEASING = YES;
				CLANG_WARN_BOOL_CONVERSION = YES;
				CLANG_WARN_COMMA = YES;
				CLANG_WARN_CONSTANT_CONVERSION = YES;
				CLANG_WARN_DEPRECATED_OBJC_IMPLEMENTATIONS = YES;
				CLANG_WARN_DIRECT_OBJC_ISA_USAGE = YES_ERROR;
				CLANG_WARN_DOCUMENTATION_COMMENTS = YES;
				CLANG_WARN_EMPTY_BODY = YES;
				CLANG_WARN_ENUM_CONVERSION = YES;
				CLANG_WARN_INFINITE_RECURSION = YES;
				CLANG_WARN_INT_CONVERSION = YES;
				CLANG_WARN_NON_LITERAL_NULL_CONVERSION = YES;
				CLANG_WARN_OBJC_IMPLICIT_RETAIN_SELF = YES;
				CLANG_WARN_OBJC_LITERAL_CONVERSION = YES;
				CLANG_WARN_OBJC_ROOT_CLASS = YES_ERROR;
				CLANG_WARN_QUOTED_INCLUDE_IN_FRAMEWORK_HEADER = YES;
				CLANG_WARN_RANGE_LOOP_ANALYSIS = YES;
				CLANG_WARN_STRICT_PROTOTYPES = YES;
				CLANG_WARN_SUSPICIOUS_MOVE = YES;
				CLANG_WARN_UNGUARDED_AVAILABILITY = YES_AGGRESSIVE;
				CLANG_WARN_UNREACHABLE_CODE = YES;
				CLANG_WARN__DUPLICATE_METHOD_MATCH = YES;
				COPY_PHASE_STRIP = NO;
				DEBUG_INFORMATION_FORMAT = "dwarf-with-dsym";
				ENABLE_NS_ASSERTIONS = NO;
				ENABLE_STRICT_OBJC_MSGSEND = YES;
				ENABLE_USER_SCRIPT_SANDBOXING = YES;
				GCC_C_LANGUAGE_STANDARD = gnu17;
				GCC_NO_COMMON_BLOCKS = YES;
				GCC_WARN_64_TO_32_BIT_CONVERSION = YES;
				GCC_WARN_ABOUT_RETURN_TYPE = YES_ERROR;
				GCC_WARN_UNDECLARED_SELECTOR = YES;
				GCC_WARN_UNINITIALIZED_AUTOS = YES_AGGRESSIVE;
				GCC_WARN_UNUSED_FUNCTION = YES;
				GCC_WARN_UNUSED_VARIABLE = YES;
				IPHONEOS_DEPLOYMENT_TARGET = 18.2;
				LOCALIZATION_PREFERS_STRING_CATALOGS = YES;
				MTL_ENABLE_DEBUG_INFO = NO;
				MTL_FAST_MATH = YES;
				SDKROOT = iphoneos;
				SWIFT_COMPILATION_MODE = wholemodule;
				VALIDATE_PRODUCT = YES;
			};
			name = Release;
		};
		7AF70F0E2DA4461300447CDB /* Debug */ = {
			isa = XCBuildConfiguration;
			buildSettings = {
				ASSETCATALOG_COMPILER_APPICON_NAME = AppIcon;
				ASSETCATALOG_COMPILER_GLOBAL_ACCENT_COLOR_NAME = AccentColor;
				CODE_SIGN_ENTITLEMENTS = FitSwift/FitSwift.entitlements;
				CODE_SIGN_STYLE = Automatic;
				CURRENT_PROJECT_VERSION = 1;
				DEVELOPMENT_ASSET_PATHS = "\"FitSwift/Preview Content\"";
				DEVELOPMENT_TEAM = SM7WATZKN4;
				ENABLE_PREVIEWS = YES;
				GENERATE_INFOPLIST_FILE = YES;
				INFOPLIST_FILE = FitSwift/Info.plist;
				INFOPLIST_KEY_NSHealthShareUsageDescription = "Please alllow access to enjoy all features of the app";
				INFOPLIST_KEY_UIApplicationSceneManifest_Generation = YES;
				INFOPLIST_KEY_UIApplicationSupportsIndirectInputEvents = YES;
				INFOPLIST_KEY_UILaunchScreen_Generation = YES;
				INFOPLIST_KEY_UISupportedInterfaceOrientations_iPad = "UIInterfaceOrientationPortrait UIInterfaceOrientationPortraitUpsideDown UIInterfaceOrientationLandscapeLeft UIInterfaceOrientationLandscapeRight";
				INFOPLIST_KEY_UISupportedInterfaceOrientations_iPhone = "UIInterfaceOrientationPortrait UIInterfaceOrientationLandscapeLeft UIInterfaceOrientationLandscapeRight";
				LD_RUNPATH_SEARCH_PATHS = (
					"$(inherited)",
					"@executable_path/Frameworks",
				);
				MARKETING_VERSION = 1.0;
				PRODUCT_BUNDLE_IDENTIFIER = com.tyrei.FitSwift;
				PRODUCT_NAME = "$(TARGET_NAME)";
				SWIFT_EMIT_LOC_STRINGS = YES;
				SWIFT_VERSION = 5.0;
				TARGETED_DEVICE_FAMILY = "1,2";
			};
			name = Debug;
		};
		7AF70F0F2DA4461300447CDB /* Release */ = {
			isa = XCBuildConfiguration;
			buildSettings = {
				ASSETCATALOG_COMPILER_APPICON_NAME = AppIcon;
				ASSETCATALOG_COMPILER_GLOBAL_ACCENT_COLOR_NAME = AccentColor;
				CODE_SIGN_ENTITLEMENTS = FitSwift/FitSwift.entitlements;
				CODE_SIGN_STYLE = Automatic;
				CURRENT_PROJECT_VERSION = 1;
				DEVELOPMENT_ASSET_PATHS = "\"FitSwift/Preview Content\"";
				DEVELOPMENT_TEAM = SM7WATZKN4;
				ENABLE_PREVIEWS = YES;
				GENERATE_INFOPLIST_FILE = YES;
				INFOPLIST_FILE = FitSwift/Info.plist;
				INFOPLIST_KEY_NSHealthShareUsageDescription = "Please alllow access to enjoy all features of the app";
				INFOPLIST_KEY_UIApplicationSceneManifest_Generation = YES;
				INFOPLIST_KEY_UIApplicationSupportsIndirectInputEvents = YES;
				INFOPLIST_KEY_UILaunchScreen_Generation = YES;
				INFOPLIST_KEY_UISupportedInterfaceOrientations_iPad = "UIInterfaceOrientationPortrait UIInterfaceOrientationPortraitUpsideDown UIInterfaceOrientationLandscapeLeft UIInterfaceOrientationLandscapeRight";
				INFOPLIST_KEY_UISupportedInterfaceOrientations_iPhone = "UIInterfaceOrientationPortrait UIInterfaceOrientationLandscapeLeft UIInterfaceOrientationLandscapeRight";
				LD_RUNPATH_SEARCH_PATHS = (
					"$(inherited)",
					"@executable_path/Frameworks",
				);
				MARKETING_VERSION = 1.0;
				PRODUCT_BUNDLE_IDENTIFIER = com.tyrei.FitSwift;
				PRODUCT_NAME = "$(TARGET_NAME)";
				SWIFT_EMIT_LOC_STRINGS = YES;
				SWIFT_VERSION = 5.0;
				TARGETED_DEVICE_FAMILY = "1,2";
			};
			name = Release;
		};
		7AF70F112DA4461300447CDB /* Debug */ = {
			isa = XCBuildConfiguration;
			buildSettings = {
				BUNDLE_LOADER = "$(TEST_HOST)";
				CODE_SIGN_STYLE = Automatic;
				CURRENT_PROJECT_VERSION = 1;
				DEVELOPMENT_TEAM = SM7WATZKN4;
				GENERATE_INFOPLIST_FILE = YES;
				IPHONEOS_DEPLOYMENT_TARGET = 18.2;
				MARKETING_VERSION = 1.0;
				PRODUCT_BUNDLE_IDENTIFIER = com.tyrei.FitSwiftTests;
				PRODUCT_NAME = "$(TARGET_NAME)";
				SWIFT_EMIT_LOC_STRINGS = NO;
				SWIFT_VERSION = 5.0;
				TARGETED_DEVICE_FAMILY = "1,2";
				TEST_HOST = "$(BUILT_PRODUCTS_DIR)/FitSwift.app/$(BUNDLE_EXECUTABLE_FOLDER_PATH)/FitSwift";
			};
			name = Debug;
		};
		7AF70F122DA4461300447CDB /* Release */ = {
			isa = XCBuildConfiguration;
			buildSettings = {
				BUNDLE_LOADER = "$(TEST_HOST)";
				CODE_SIGN_STYLE = Automatic;
				CURRENT_PROJECT_VERSION = 1;
				DEVELOPMENT_TEAM = SM7WATZKN4;
				GENERATE_INFOPLIST_FILE = YES;
				IPHONEOS_DEPLOYMENT_TARGET = 18.2;
				MARKETING_VERSION = 1.0;
				PRODUCT_BUNDLE_IDENTIFIER = com.tyrei.FitSwiftTests;
				PRODUCT_NAME = "$(TARGET_NAME)";
				SWIFT_EMIT_LOC_STRINGS = NO;
				SWIFT_VERSION = 5.0;
				TARGETED_DEVICE_FAMILY = "1,2";
				TEST_HOST = "$(BUILT_PRODUCTS_DIR)/FitSwift.app/$(BUNDLE_EXECUTABLE_FOLDER_PATH)/FitSwift";
			};
			name = Release;
		};
		7AF70F142DA4461300447CDB /* Debug */ = {
			isa = XCBuildConfiguration;
			buildSettings = {
				CODE_SIGN_STYLE = Automatic;
				CURRENT_PROJECT_VERSION = 1;
				DEVELOPMENT_TEAM = SM7WATZKN4;
				GENERATE_INFOPLIST_FILE = YES;
				MARKETING_VERSION = 1.0;
				PRODUCT_BUNDLE_IDENTIFIER = com.tyrei.FitSwiftUITests;
				PRODUCT_NAME = "$(TARGET_NAME)";
				SWIFT_EMIT_LOC_STRINGS = NO;
				SWIFT_VERSION = 5.0;
				TARGETED_DEVICE_FAMILY = "1,2";
				TEST_TARGET_NAME = FitSwift;
			};
			name = Debug;
		};
		7AF70F152DA4461300447CDB /* Release */ = {
			isa = XCBuildConfiguration;
			buildSettings = {
				CODE_SIGN_STYLE = Automatic;
				CURRENT_PROJECT_VERSION = 1;
				DEVELOPMENT_TEAM = SM7WATZKN4;
				GENERATE_INFOPLIST_FILE = YES;
				MARKETING_VERSION = 1.0;
				PRODUCT_BUNDLE_IDENTIFIER = com.tyrei.FitSwiftUITests;
				PRODUCT_NAME = "$(TARGET_NAME)";
				SWIFT_EMIT_LOC_STRINGS = NO;
				SWIFT_VERSION = 5.0;
				TARGETED_DEVICE_FAMILY = "1,2";
				TEST_TARGET_NAME = FitSwift;
			};
			name = Release;
		};
/* End XCBuildConfiguration section */

/* Begin XCConfigurationList section */
		7AF70EE42DA4460D00447CDB /* Build configuration list for PBXProject "FitSwift" */ = {
			isa = XCConfigurationList;
			buildConfigurations = (
				7AF70F0B2DA4461300447CDB /* Debug */,
				7AF70F0C2DA4461300447CDB /* Release */,
			);
			defaultConfigurationIsVisible = 0;
			defaultConfigurationName = Release;
		};
		7AF70F0D2DA4461300447CDB /* Build configuration list for PBXNativeTarget "FitSwift" */ = {
			isa = XCConfigurationList;
			buildConfigurations = (
				7AF70F0E2DA4461300447CDB /* Debug */,
				7AF70F0F2DA4461300447CDB /* Release */,
			);
			defaultConfigurationIsVisible = 0;
			defaultConfigurationName = Release;
		};
		7AF70F102DA4461300447CDB /* Build configuration list for PBXNativeTarget "FitSwiftTests" */ = {
			isa = XCConfigurationList;
			buildConfigurations = (
				7AF70F112DA4461300447CDB /* Debug */,
				7AF70F122DA4461300447CDB /* Release */,
			);
			defaultConfigurationIsVisible = 0;
			defaultConfigurationName = Release;
		};
		7AF70F132DA4461300447CDB /* Build configuration list for PBXNativeTarget "FitSwiftUITests" */ = {
			isa = XCConfigurationList;
			buildConfigurations = (
				7AF70F142DA4461300447CDB /* Debug */,
				7AF70F152DA4461300447CDB /* Release */,
			);
			defaultConfigurationIsVisible = 0;
			defaultConfigurationName = Release;
		};
/* End XCConfigurationList section */
	};
	rootObject = 7AF70EE12DA4460D00447CDB /* Project object */;
}
